// !$*UTF8*$!
{
	archiveVersion = 1;
	classes = {
	};
	objectVersion = 55;
	objects = {

/* Begin PBXBuildFile section */
		9DE01E4E27C181D400DB2A08 /* AppDelegate.swift in Sources */ = {isa = PBXBuildFile; fileRef = 9DE01E4D27C181D400DB2A08 /* AppDelegate.swift */; };
		9DE01E5027C181D400DB2A08 /* SceneDelegate.swift in Sources */ = {isa = PBXBuildFile; fileRef = 9DE01E4F27C181D400DB2A08 /* SceneDelegate.swift */; };
		9DE01E5227C181D400DB2A08 /* ViewController.swift in Sources */ = {isa = PBXBuildFile; fileRef = 9DE01E5127C181D400DB2A08 /* ViewController.swift */; };
		9DE01E5527C181D400DB2A08 /* Main.storyboard in Resources */ = {isa = PBXBuildFile; fileRef = 9DE01E5327C181D400DB2A08 /* Main.storyboard */; };
		9DE01E5727C181E000DB2A08 /* Assets.xcassets in Resources */ = {isa = PBXBuildFile; fileRef = 9DE01E5627C181E000DB2A08 /* Assets.xcassets */; };
		9DE01E5A27C181E000DB2A08 /* LaunchScreen.storyboard in Resources */ = {isa = PBXBuildFile; fileRef = 9DE01E5827C181E000DB2A08 /* LaunchScreen.storyboard */; };
		9DE01E6527C181E200DB2A08 /* FlashcardsTests.swift in Sources */ = {isa = PBXBuildFile; fileRef = 9DE01E6427C181E200DB2A08 /* FlashcardsTests.swift */; };
		9DE01E6F27C181E200DB2A08 /* FlashcardsUITests.swift in Sources */ = {isa = PBXBuildFile; fileRef = 9DE01E6E27C181E200DB2A08 /* FlashcardsUITests.swift */; };
		9DE01E7127C181E200DB2A08 /* FlashcardsUITestsLaunchTests.swift in Sources */ = {isa = PBXBuildFile; fileRef = 9DE01E7027C181E200DB2A08 /* FlashcardsUITestsLaunchTests.swift */; };
/* End PBXBuildFile section */

/* Begin PBXContainerItemProxy section */
		9DE01E6127C181E200DB2A08 /* PBXContainerItemProxy */ = {
			isa = PBXContainerItemProxy;
			containerPortal = 9DE01E4227C181D300DB2A08 /* Project object */;
			proxyType = 1;
			remoteGlobalIDString = 9DE01E4927C181D300DB2A08;
			remoteInfo = Flashcards;
		};
		9DE01E6B27C181E200DB2A08 /* PBXContainerItemProxy */ = {
			isa = PBXContainerItemProxy;
			containerPortal = 9DE01E4227C181D300DB2A08 /* Project object */;
			proxyType = 1;
			remoteGlobalIDString = 9DE01E4927C181D300DB2A08;
			remoteInfo = Flashcards;
		};
/* End PBXContainerItemProxy section */

/* Begin PBXFileReference section */
		9DE01E4A27C181D300DB2A08 /* Flashcards.app */ = {isa = PBXFileReference; explicitFileType = wrapper.application; includeInIndex = 0; path = Flashcards.app; sourceTree = BUILT_PRODUCTS_DIR; };
		9DE01E4D27C181D400DB2A08 /* AppDelegate.swift */ = {isa = PBXFileReference; lastKnownFileType = sourcecode.swift; path = AppDelegate.swift; sourceTree = "<group>"; };
		9DE01E4F27C181D400DB2A08 /* SceneDelegate.swift */ = {isa = PBXFileReference; lastKnownFileType = sourcecode.swift; path = SceneDelegate.swift; sourceTree = "<group>"; };
		9DE01E5127C181D400DB2A08 /* ViewController.swift */ = {isa = PBXFileReference; lastKnownFileType = sourcecode.swift; path = ViewController.swift; sourceTree = "<group>"; };
		9DE01E5427C181D400DB2A08 /* Base */ = {isa = PBXFileReference; lastKnownFileType = file.storyboard; name = Base; path = Base.lproj/Main.storyboard; sourceTree = "<group>"; };
		9DE01E5627C181E000DB2A08 /* Assets.xcassets */ = {isa = PBXFileReference; lastKnownFileType = folder.assetcatalog; path = Assets.xcassets; sourceTree = "<group>"; };
		9DE01E5927C181E000DB2A08 /* Base */ = {isa = PBXFileReference; lastKnownFileType = file.storyboard; name = Base; path = Base.lproj/LaunchScreen.storyboard; sourceTree = "<group>"; };
		9DE01E5B27C181E000DB2A08 /* Info.plist */ = {isa = PBXFileReference; lastKnownFileType = text.plist.xml; path = Info.plist; sourceTree = "<group>"; };
		9DE01E6027C181E200DB2A08 /* FlashcardsTests.xctest */ = {isa = PBXFileReference; explicitFileType = wrapper.cfbundle; includeInIndex = 0; path = FlashcardsTests.xctest; sourceTree = BUILT_PRODUCTS_DIR; };
		9DE01E6427C181E200DB2A08 /* FlashcardsTests.swift */ = {isa = PBXFileReference; lastKnownFileType = sourcecode.swift; path = FlashcardsTests.swift; sourceTree = "<group>"; };
		9DE01E6A27C181E200DB2A08 /* FlashcardsUITests.xctest */ = {isa = PBXFileReference; explicitFileType = wrapper.cfbundle; includeInIndex = 0; path = FlashcardsUITests.xctest; sourceTree = BUILT_PRODUCTS_DIR; };
		9DE01E6E27C181E200DB2A08 /* FlashcardsUITests.swift */ = {isa = PBXFileReference; lastKnownFileType = sourcecode.swift; path = FlashcardsUITests.swift; sourceTree = "<group>"; };
		9DE01E7027C181E200DB2A08 /* FlashcardsUITestsLaunchTests.swift */ = {isa = PBXFileReference; lastKnownFileType = sourcecode.swift; path = FlashcardsUITestsLaunchTests.swift; sourceTree = "<group>"; };
/* End PBXFileReference section */

/* Begin PBXFrameworksBuildPhase section */
		9DE01E4727C181D300DB2A08 /* Frameworks */ = {
			isa = PBXFrameworksBuildPhase;
			buildActionMask = 2147483647;
			files = (
			);
			runOnlyForDeploymentPostprocessing = 0;
		};
		9DE01E5D27C181E200DB2A08 /* Frameworks */ = {
			isa = PBXFrameworksBuildPhase;
			buildActionMask = 2147483647;
			files = (
			);
			runOnlyForDeploymentPostprocessing = 0;
		};
		9DE01E6727C181E200DB2A08 /* Frameworks */ = {
			isa = PBXFrameworksBuildPhase;
			buildActionMask = 2147483647;
			files = (
			);
			runOnlyForDeploymentPostprocessing = 0;
		};
/* End PBXFrameworksBuildPhase section */

/* Begin PBXGroup section */
		9DE01E4127C181D300DB2A08 = {
			isa = PBXGroup;
			children = (
				9DE01E4C27C181D300DB2A08 /* Flashcards */,
				9DE01E6327C181E200DB2A08 /* FlashcardsTests */,
				9DE01E6D27C181E200DB2A08 /* FlashcardsUITests */,
				9DE01E4B27C181D300DB2A08 /* Products */,
			);
			sourceTree = "<group>";
		};
		9DE01E4B27C181D300DB2A08 /* Products */ = {
			isa = PBXGroup;
			children = (
				9DE01E4A27C181D300DB2A08 /* Flashcards.app */,
				9DE01E6027C181E200DB2A08 /* FlashcardsTests.xctest */,
				9DE01E6A27C181E200DB2A08 /* FlashcardsUITests.xctest */,
			);
			name = Products;
			sourceTree = "<group>";
		};
		9DE01E4C27C181D300DB2A08 /* Flashcards */ = {
			isa = PBXGroup;
			children = (
				9DE01E4D27C181D400DB2A08 /* AppDelegate.swift */,
				9DE01E4F27C181D400DB2A08 /* SceneDelegate.swift */,
				9DE01E5127C181D400DB2A08 /* ViewController.swift */,
				9DE01E5327C181D400DB2A08 /* Main.storyboard */,
				9DE01E5627C181E000DB2A08 /* Assets.xcassets */,
				9DE01E5827C181E000DB2A08 /* LaunchScreen.storyboard */,
				9DE01E5B27C181E000DB2A08 /* Info.plist */,
			);
			path = Flashcards;
			sourceTree = "<group>";
		};
		9DE01E6327C181E200DB2A08 /* FlashcardsTests */ = {
			isa = PBXGroup;
			children = (
				9DE01E6427C181E200DB2A08 /* FlashcardsTests.swift */,
			);
			path = FlashcardsTests;
			sourceTree = "<group>";
		};
		9DE01E6D27C181E200DB2A08 /* FlashcardsUITests */ = {
			isa = PBXGroup;
			children = (
				9DE01E6E27C181E200DB2A08 /* FlashcardsUITests.swift */,
				9DE01E7027C181E200DB2A08 /* FlashcardsUITestsLaunchTests.swift */,
			);
			path = FlashcardsUITests;
			sourceTree = "<group>";
		};
/* End PBXGroup section */

/* Begin PBXNativeTarget section */
		9DE01E4927C181D300DB2A08 /* Flashcards */ = {
			isa = PBXNativeTarget;
			buildConfigurationList = 9DE01E7427C181E200DB2A08 /* Build configuration list for PBXNativeTarget "Flashcards" */;
			buildPhases = (
				9DE01E4627C181D300DB2A08 /* Sources */,
				9DE01E4727C181D300DB2A08 /* Frameworks */,
				9DE01E4827C181D300DB2A08 /* Resources */,
			);
			buildRules = (
			);
			dependencies = (
			);
			name = Flashcards;
			productName = Flashcards;
			productReference = 9DE01E4A27C181D300DB2A08 /* Flashcards.app */;
			productType = "com.apple.product-type.application";
		};
		9DE01E5F27C181E200DB2A08 /* FlashcardsTests */ = {
			isa = PBXNativeTarget;
			buildConfigurationList = 9DE01E7727C181E200DB2A08 /* Build configuration list for PBXNativeTarget "FlashcardsTests" */;
			buildPhases = (
				9DE01E5C27C181E200DB2A08 /* Sources */,
				9DE01E5D27C181E200DB2A08 /* Frameworks */,
				9DE01E5E27C181E200DB2A08 /* Resources */,
			);
			buildRules = (
			);
			dependencies = (
				9DE01E6227C181E200DB2A08 /* PBXTargetDependency */,
			);
			name = FlashcardsTests;
			productName = FlashcardsTests;
			productReference = 9DE01E6027C181E200DB2A08 /* FlashcardsTests.xctest */;
			productType = "com.apple.product-type.bundle.unit-test";
		};
		9DE01E6927C181E200DB2A08 /* FlashcardsUITests */ = {
			isa = PBXNativeTarget;
			buildConfigurationList = 9DE01E7A27C181E200DB2A08 /* Build configuration list for PBXNativeTarget "FlashcardsUITests" */;
			buildPhases = (
				9DE01E6627C181E200DB2A08 /* Sources */,
				9DE01E6727C181E200DB2A08 /* Frameworks */,
				9DE01E6827C181E200DB2A08 /* Resources */,
			);
			buildRules = (
			);
			dependencies = (
				9DE01E6C27C181E200DB2A08 /* PBXTargetDependency */,
			);
			name = FlashcardsUITests;
			productName = FlashcardsUITests;
			productReference = 9DE01E6A27C181E200DB2A08 /* FlashcardsUITests.xctest */;
			productType = "com.apple.product-type.bundle.ui-testing";
		};
/* End PBXNativeTarget section */

/* Begin PBXProject section */
		9DE01E4227C181D300DB2A08 /* Project object */ = {
			isa = PBXProject;
			attributes = {
				BuildIndependentTargetsInParallel = 1;
				LastSwiftUpdateCheck = 1320;
				LastUpgradeCheck = 1320;
				TargetAttributes = {
					9DE01E4927C181D300DB2A08 = {
						CreatedOnToolsVersion = 13.2.1;
					};
					9DE01E5F27C181E200DB2A08 = {
						CreatedOnToolsVersion = 13.2.1;
						TestTargetID = 9DE01E4927C181D300DB2A08;
					};
					9DE01E6927C181E200DB2A08 = {
						CreatedOnToolsVersion = 13.2.1;
						TestTargetID = 9DE01E4927C181D300DB2A08;
					};
				};
			};
			buildConfigurationList = 9DE01E4527C181D300DB2A08 /* Build configuration list for PBXProject "Flashcards" */;
			compatibilityVersion = "Xcode 13.0";
			developmentRegion = en;
			hasScannedForEncodings = 0;
			knownRegions = (
				en,
				Base,
			);
			mainGroup = 9DE01E4127C181D300DB2A08;
			productRefGroup = 9DE01E4B27C181D300DB2A08 /* Products */;
			projectDirPath = "";
			projectRoot = "";
			targets = (
				9DE01E4927C181D300DB2A08 /* Flashcards */,
				9DE01E5F27C181E200DB2A08 /* FlashcardsTests */,
				9DE01E6927C181E200DB2A08 /* FlashcardsUITests */,
			);
		};
/* End PBXProject section */

/* Begin PBXResourcesBuildPhase section */
		9DE01E4827C181D300DB2A08 /* Resources */ = {
			isa = PBXResourcesBuildPhase;
			buildActionMask = 2147483647;
			files = (
				9DE01E5A27C181E000DB2A08 /* LaunchScreen.storyboard in Resources */,
				9DE01E5727C181E000DB2A08 /* Assets.xcassets in Resources */,
				9DE01E5527C181D400DB2A08 /* Main.storyboard in Resources */,
			);
			runOnlyForDeploymentPostprocessing = 0;
		};
		9DE01E5E27C181E200DB2A08 /* Resources */ = {
			isa = PBXResourcesBuildPhase;
			buildActionMask = 2147483647;
			files = (
			);
			runOnlyForDeploymentPostprocessing = 0;
		};
		9DE01E6827C181E200DB2A08 /* Resources */ = {
			isa = PBXResourcesBuildPhase;
			buildActionMask = 2147483647;
			files = (
			);
			runOnlyForDeploymentPostprocessing = 0;
		};
/* End PBXResourcesBuildPhase section */

/* Begin PBXSourcesBuildPhase section */
		9DE01E4627C181D300DB2A08 /* Sources */ = {
			isa = PBXSourcesBuildPhase;
			buildActionMask = 2147483647;
			files = (
				9DE01E5227C181D400DB2A08 /* ViewController.swift in Sources */,
				9DE01E4E27C181D400DB2A08 /* AppDelegate.swift in Sources */,
				9DE01E5027C181D400DB2A08 /* SceneDelegate.swift in Sources */,
			);
			runOnlyForDeploymentPostprocessing = 0;
		};
		9DE01E5C27C181E200DB2A08 /* Sources */ = {
			isa = PBXSourcesBuildPhase;
			buildActionMask = 2147483647;
			files = (
				9DE01E6527C181E200DB2A08 /* FlashcardsTests.swift in Sources */,
			);
			runOnlyForDeploymentPostprocessing = 0;
		};
		9DE01E6627C181E200DB2A08 /* Sources */ = {
			isa = PBXSourcesBuildPhase;
			buildActionMask = 2147483647;
			files = (
				9DE01E6F27C181E200DB2A08 /* FlashcardsUITests.swift in Sources */,
				9DE01E7127C181E200DB2A08 /* FlashcardsUITestsLaunchTests.swift in Sources */,
			);
			runOnlyForDeploymentPostprocessing = 0;
		};
/* End PBXSourcesBuildPhase section */

/* Begin PBXTargetDependency section */
		9DE01E6227C181E200DB2A08 /* PBXTargetDependency */ = {
			isa = PBXTargetDependency;
			target = 9DE01E4927C181D300DB2A08 /* Flashcards */;
			targetProxy = 9DE01E6127C181E200DB2A08 /* PBXContainerItemProxy */;
		};
		9DE01E6C27C181E200DB2A08 /* PBXTargetDependency */ = {
			isa = PBXTargetDependency;
			target = 9DE01E4927C181D300DB2A08 /* Flashcards */;
			targetProxy = 9DE01E6B27C181E200DB2A08 /* PBXContainerItemProxy */;
		};
/* End PBXTargetDependency section */

/* Begin PBXVariantGroup section */
		9DE01E5327C181D400DB2A08 /* Main.storyboard */ = {
			isa = PBXVariantGroup;
			children = (
				9DE01E5427C181D400DB2A08 /* Base */,
			);
			name = Main.storyboard;
			sourceTree = "<group>";
		};
		9DE01E5827C181E000DB2A08 /* LaunchScreen.storyboard */ = {
			isa = PBXVariantGroup;
			children = (
				9DE01E5927C181E000DB2A08 /* Base */,
			);
			name = LaunchScreen.storyboard;
			sourceTree = "<group>";
		};
/* End PBXVariantGroup section */

/* Begin XCBuildConfiguration section */
		9DE01E7227C181E200DB2A08 /* Debug */ = {
			isa = XCBuildConfiguration;
			buildSettings = {
				ALWAYS_SEARCH_USER_PATHS = NO;
				CLANG_ANALYZER_NONNULL = YES;
				CLANG_ANALYZER_NUMBER_OBJECT_CONVERSION = YES_AGGRESSIVE;
				CLANG_CXX_LANGUAGE_STANDARD = "gnu++17";
				CLANG_CXX_LIBRARY = "libc++";
				CLANG_ENABLE_MODULES = YES;
				CLANG_ENABLE_OBJC_ARC = YES;
				CLANG_ENABLE_OBJC_WEAK = YES;
				CLANG_WARN_BLOCK_CAPTURE_AUTORELEASING = YES;
				CLANG_WARN_BOOL_CONVERSION = YES;
				CLANG_WARN_COMMA = YES;
				CLANG_WARN_CONSTANT_CONVERSION = YES;
				CLANG_WARN_DEPRECATED_OBJC_IMPLEMENTATIONS = YES;
				CLANG_WARN_DIRECT_OBJC_ISA_USAGE = YES_ERROR;
				CLANG_WARN_DOCUMENTATION_COMMENTS = YES;
				CLANG_WARN_EMPTY_BODY = YES;
				CLANG_WARN_ENUM_CONVERSION = YES;
				CLANG_WARN_INFINITE_RECURSION = YES;
				CLANG_WARN_INT_CONVERSION = YES;
				CLANG_WARN_NON_LITERAL_NULL_CONVERSION = YES;
				CLANG_WARN_OBJC_IMPLICIT_RETAIN_SELF = YES;
				CLANG_WARN_OBJC_LITERAL_CONVERSION = YES;
				CLANG_WARN_OBJC_ROOT_CLASS = YES_ERROR;
				CLANG_WARN_QUOTED_INCLUDE_IN_FRAMEWORK_HEADER = YES;
				CLANG_WARN_RANGE_LOOP_ANALYSIS = YES;
				CLANG_WARN_STRICT_PROTOTYPES = YES;
				CLANG_WARN_SUSPICIOUS_MOVE = YES;
				CLANG_WARN_UNGUARDED_AVAILABILITY = YES_AGGRESSIVE;
				CLANG_WARN_UNREACHABLE_CODE = YES;
				CLANG_WARN__DUPLICATE_METHOD_MATCH = YES;
				COPY_PHASE_STRIP = NO;
				DEBUG_INFORMATION_FORMAT = dwarf;
				ENABLE_STRICT_OBJC_MSGSEND = YES;
				ENABLE_TESTABILITY = YES;
				GCC_C_LANGUAGE_STANDARD = gnu11;
				GCC_DYNAMIC_NO_PIC = NO;
				GCC_NO_COMMON_BLOCKS = YES;
				GCC_OPTIMIZATION_LEVEL = 0;
				GCC_PREPROCESSOR_DEFINITIONS = (
					"DEBUG=1",
					"$(inherited)",
				);
				GCC_WARN_64_TO_32_BIT_CONVERSION = YES;
				GCC_WARN_ABOUT_RETURN_TYPE = YES_ERROR;
				GCC_WARN_UNDECLARED_SELECTOR = YES;
				GCC_WARN_UNINITIALIZED_AUTOS = YES_AGGRESSIVE;
				GCC_WARN_UNUSED_FUNCTION = YES;
				GCC_WARN_UNUSED_VARIABLE = YES;
				IPHONEOS_DEPLOYMENT_TARGET = 15.2;
				MTL_ENABLE_DEBUG_INFO = INCLUDE_SOURCE;
				MTL_FAST_MATH = YES;
				ONLY_ACTIVE_ARCH = YES;
				SDKROOT = iphoneos;
				SWIFT_ACTIVE_COMPILATION_CONDITIONS = DEBUG;
				SWIFT_OPTIMIZATION_LEVEL = "-Onone";
			};
			name = Debug;
		};
		9DE01E7327C181E200DB2A08 /* Release */ = {
			isa = XCBuildConfiguration;
			buildSettings = {
				ALWAYS_SEARCH_USER_PATHS = NO;
				CLANG_ANALYZER_NONNULL = YES;
				CLANG_ANALYZER_NUMBER_OBJECT_CONVERSION = YES_AGGRESSIVE;
				CLANG_CXX_LANGUAGE_STANDARD = "gnu++17";
				CLANG_CXX_LIBRARY = "libc++";
				CLANG_ENABLE_MODULES = YES;
				CLANG_ENABLE_OBJC_ARC = YES;
				CLANG_ENABLE_OBJC_WEAK = YES;
				CLANG_WARN_BLOCK_CAPTURE_AUTORELEASING = YES;
				CLANG_WARN_BOOL_CONVERSION = YES;
				CLANG_WARN_COMMA = YES;
				CLANG_WARN_CONSTANT_CONVERSION = YES;
				CLANG_WARN_DEPRECATED_OBJC_IMPLEMENTATIONS = YES;
				CLANG_WARN_DIRECT_OBJC_ISA_USAGE = YES_ERROR;
				CLANG_WARN_DOCUMENTATION_COMMENTS = YES;
				CLANG_WARN_EMPTY_BODY = YES;
				CLANG_WARN_ENUM_CONVERSION = YES;
				CLANG_WARN_INFINITE_RECURSION = YES;
				CLANG_WARN_INT_CONVERSION = YES;
				CLANG_WARN_NON_LITERAL_NULL_CONVERSION = YES;
				CLANG_WARN_OBJC_IMPLICIT_RETAIN_SELF = YES;
				CLANG_WARN_OBJC_LITERAL_CONVERSION = YES;
				CLANG_WARN_OBJC_ROOT_CLASS = YES_ERROR;
				CLANG_WARN_QUOTED_INCLUDE_IN_FRAMEWORK_HEADER = YES;
				CLANG_WARN_RANGE_LOOP_ANALYSIS = YES;
				CLANG_WARN_STRICT_PROTOTYPES = YES;
				CLANG_WARN_SUSPICIOUS_MOVE = YES;
				CLANG_WARN_UNGUARDED_AVAILABILITY = YES_AGGRESSIVE;
				CLANG_WARN_UNREACHABLE_CODE = YES;
				CLANG_WARN__DUPLICATE_METHOD_MATCH = YES;
				COPY_PHASE_STRIP = NO;
				DEBUG_INFORMATION_FORMAT = "dwarf-with-dsym";
				ENABLE_NS_ASSERTIONS = NO;
				ENABLE_STRICT_OBJC_MSGSEND = YES;
				GCC_C_LANGUAGE_STANDARD = gnu11;
				GCC_NO_COMMON_BLOCKS = YES;
				GCC_WARN_64_TO_32_BIT_CONVERSION = YES;
				GCC_WARN_ABOUT_RETURN_TYPE = YES_ERROR;
				GCC_WARN_UNDECLARED_SELECTOR = YES;
				GCC_WARN_UNINITIALIZED_AUTOS = YES_AGGRESSIVE;
				GCC_WARN_UNUSED_FUNCTION = YES;
				GCC_WARN_UNUSED_VARIABLE = YES;
				IPHONEOS_DEPLOYMENT_TARGET = 15.2;
				MTL_ENABLE_DEBUG_INFO = NO;
				MTL_FAST_MATH = YES;
				SDKROOT = iphoneos;
				SWIFT_COMPILATION_MODE = wholemodule;
				SWIFT_OPTIMIZATION_LEVEL = "-O";
				VALIDATE_PRODUCT = YES;
			};
			name = Release;
		};
		9DE01E7527C181E200DB2A08 /* Debug */ = {
			isa = XCBuildConfiguration;
			buildSettings = {
				ASSETCATALOG_COMPILER_APPICON_NAME = AppIcon;
				ASSETCATALOG_COMPILER_GLOBAL_ACCENT_COLOR_NAME = AccentColor;
				CODE_SIGN_STYLE = Automatic;
				CURRENT_PROJECT_VERSION = 1;
				DEVELOPMENT_TEAM = 622BR86G4M;
				GENERATE_INFOPLIST_FILE = YES;
				INFOPLIST_FILE = Flashcards/Info.plist;
				INFOPLIST_KEY_UIApplicationSupportsIndirectInputEvents = YES;
				INFOPLIST_KEY_UILaunchStoryboardName = LaunchScreen;
				INFOPLIST_KEY_UIMainStoryboardFile = Main;
				INFOPLIST_KEY_UISupportedInterfaceOrientations_iPad = "UIInterfaceOrientationPortrait UIInterfaceOrientationPortraitUpsideDown UIInterfaceOrientationLandscapeLeft UIInterfaceOrientationLandscapeRight";
				INFOPLIST_KEY_UISupportedInterfaceOrientations_iPhone = "UIInterfaceOrientationPortrait UIInterfaceOrientationLandscapeLeft UIInterfaceOrientationLandscapeRight";
				IPHONEOS_DEPLOYMENT_TARGET = 15.2;
				LD_RUNPATH_SEARCH_PATHS = (
					"$(inherited)",
					"@executable_path/Frameworks",
				);
				MARKETING_VERSION = 1.0;
				PRODUCT_BUNDLE_IDENTIFIER = com.sofiayang.Flashcards;
				PRODUCT_NAME = "$(TARGET_NAME)";
				SWIFT_EMIT_LOC_STRINGS = YES;
				SWIFT_VERSION = 5.0;
				TARGETED_DEVICE_FAMILY = "1,2";
			};
			name = Debug;
		};
		9DE01E7627C181E200DB2A08 /* Release */ = {
			isa = XCBuildConfiguration;
			buildSettings = {
				ASSETCATALOG_COMPILER_APPICON_NAME = AppIcon;
				ASSETCATALOG_COMPILER_GLOBAL_ACCENT_COLOR_NAME = AccentColor;
				CODE_SIGN_STYLE = Automatic;
				CURRENT_PROJECT_VERSION = 1;
				DEVELOPMENT_TEAM = 622BR86G4M;
				GENERATE_INFOPLIST_FILE = YES;
				INFOPLIST_FILE = Flashcards/Info.plist;
				INFOPLIST_KEY_UIApplicationSupportsIndirectInputEvents = YES;
				INFOPLIST_KEY_UILaunchStoryboardName = LaunchScreen;
				INFOPLIST_KEY_UIMainStoryboardFile = Main;
				INFOPLIST_KEY_UISupportedInterfaceOrientations_iPad = "UIInterfaceOrientationPortrait UIInterfaceOrientationPortraitUpsideDown UIInterfaceOrientationLandscapeLeft UIInterfaceOrientationLandscapeRight";
				INFOPLIST_KEY_UISupportedInterfaceOrientations_iPhone = "UIInterfaceOrientationPortrait UIInterfaceOrientationLandscapeLeft UIInterfaceOrientationLandscapeRight";
				IPHONEOS_DEPLOYMENT_TARGET = 15.2;
				LD_RUNPATH_SEARCH_PATHS = (
					"$(inherited)",
					"@executable_path/Frameworks",
				);
				MARKETING_VERSION = 1.0;
				PRODUCT_BUNDLE_IDENTIFIER = com.sofiayang.Flashcards;
				PRODUCT_NAME = "$(TARGET_NAME)";
				SWIFT_EMIT_LOC_STRINGS = YES;
				SWIFT_VERSION = 5.0;
				TARGETED_DEVICE_FAMILY = "1,2";
			};
			name = Release;
		};
		9DE01E7827C181E200DB2A08 /* Debug */ = {
			isa = XCBuildConfiguration;
			buildSettings = {
				ALWAYS_EMBED_SWIFT_STANDARD_LIBRARIES = YES;
				BUNDLE_LOADER = "$(TEST_HOST)";
				CODE_SIGN_STYLE = Automatic;
				CURRENT_PROJECT_VERSION = 1;
				DEVELOPMENT_TEAM = 622BR86G4M;
				GENERATE_INFOPLIST_FILE = YES;
				IPHONEOS_DEPLOYMENT_TARGET = 15.2;
				MARKETING_VERSION = 1.0;
				PRODUCT_BUNDLE_IDENTIFIER = com.sofiayang.FlashcardsTests;
				PRODUCT_NAME = "$(TARGET_NAME)";
				SWIFT_EMIT_LOC_STRINGS = NO;
				SWIFT_VERSION = 5.0;
				TARGETED_DEVICE_FAMILY = "1,2";
				TEST_HOST = "$(BUILT_PRODUCTS_DIR)/Flashcards.app/Flashcards";
			};
			name = Debug;
		};
		9DE01E7927C181E200DB2A08 /* Release */ = {
			isa = XCBuildConfiguration;
			buildSettings = {
				ALWAYS_EMBED_SWIFT_STANDARD_LIBRARIES = YES;
				BUNDLE_LOADER = "$(TEST_HOST)";
				CODE_SIGN_STYLE = Automatic;
				CURRENT_PROJECT_VERSION = 1;
				DEVELOPMENT_TEAM = 622BR86G4M;
				GENERATE_INFOPLIST_FILE = YES;
				IPHONEOS_DEPLOYMENT_TARGET = 15.2;
				MARKETING_VERSION = 1.0;
				PRODUCT_BUNDLE_IDENTIFIER = com.sofiayang.FlashcardsTests;
				PRODUCT_NAME = "$(TARGET_NAME)";
				SWIFT_EMIT_LOC_STRINGS = NO;
				SWIFT_VERSION = 5.0;
				TARGETED_DEVICE_FAMILY = "1,2";
				TEST_HOST = "$(BUILT_PRODUCTS_DIR)/Flashcards.app/Flashcards";
			};
			name = Release;
		};
		9DE01E7B27C181E200DB2A08 /* Debug */ = {
			isa = XCBuildConfiguration;
			buildSettings = {
				ALWAYS_EMBED_SWIFT_STANDARD_LIBRARIES = YES;
				CODE_SIGN_STYLE = Automatic;
				CURRENT_PROJECT_VERSION = 1;
				DEVELOPMENT_TEAM = 622BR86G4M;
				GENERATE_INFOPLIST_FILE = YES;
				MARKETING_VERSION = 1.0;
				PRODUCT_BUNDLE_IDENTIFIER = com.sofiayang.FlashcardsUITests;
				PRODUCT_NAME = "$(TARGET_NAME)";
				SWIFT_EMIT_LOC_STRINGS = NO;
				SWIFT_VERSION = 5.0;
				TARGETED_DEVICE_FAMILY = "1,2";
				TEST_TARGET_NAME = Flashcards;
			};
			name = Debug;
		};
		9DE01E7C27C181E200DB2A08 /* Release */ = {
			isa = XCBuildConfiguration;
			buildSettings = {
				ALWAYS_EMBED_SWIFT_STANDARD_LIBRARIES = YES;
				CODE_SIGN_STYLE = Automatic;
				CURRENT_PROJECT_VERSION = 1;
				DEVELOPMENT_TEAM = 622BR86G4M;
				GENERATE_INFOPLIST_FILE = YES;
				MARKETING_VERSION = 1.0;
				PRODUCT_BUNDLE_IDENTIFIER = com.sofiayang.FlashcardsUITests;
				PRODUCT_NAME = "$(TARGET_NAME)";
				SWIFT_EMIT_LOC_STRINGS = NO;
				SWIFT_VERSION = 5.0;
				TARGETED_DEVICE_FAMILY = "1,2";
				TEST_TARGET_NAME = Flashcards;
			};
			name = Release;
		};
/* End XCBuildConfiguration section */

/* Begin XCConfigurationList section */
		9DE01E4527C181D300DB2A08 /* Build configuration list for PBXProject "Flashcards" */ = {
			isa = XCConfigurationList;
			buildConfigurations = (
				9DE01E7227C181E200DB2A08 /* Debug */,
				9DE01E7327C181E200DB2A08 /* Release */,
			);
			defaultConfigurationIsVisible = 0;
			defaultConfigurationName = Release;
		};
		9DE01E7427C181E200DB2A08 /* Build configuration list for PBXNativeTarget "Flashcards" */ = {
			isa = XCConfigurationList;
			buildConfigurations = (
				9DE01E7527C181E200DB2A08 /* Debug */,
				9DE01E7627C181E200DB2A08 /* Release */,
			);
			defaultConfigurationIsVisible = 0;
			defaultConfigurationName = Release;
		};
		9DE01E7727C181E200DB2A08 /* Build configuration list for PBXNativeTarget "FlashcardsTests" */ = {
			isa = XCConfigurationList;
			buildConfigurations = (
				9DE01E7827C181E200DB2A08 /* Debug */,
				9DE01E7927C181E200DB2A08 /* Release */,
			);
			defaultConfigurationIsVisible = 0;
			defaultConfigurationName = Release;
		};
		9DE01E7A27C181E200DB2A08 /* Build configuration list for PBXNativeTarget "FlashcardsUITests" */ = {
			isa = XCConfigurationList;
			buildConfigurations = (
				9DE01E7B27C181E200DB2A08 /* Debug */,
				9DE01E7C27C181E200DB2A08 /* Release */,
			);
			defaultConfigurationIsVisible = 0;
			defaultConfigurationName = Release;
		};
/* End XCConfigurationList section */
	};
	rootObject = 9DE01E4227C181D300DB2A08 /* Project object */;
}
